
Microsoft Visual Studio Solution File, Format Version 12.00
# Visual Studio 15
VisualStudioVersion = 15.0.26124.0
MinimumVisualStudioVersion = 15.0.26124.0
Project("{2150E333-8FDC-42A3-9474-1A3956D46DE8}") = "DIKUArcade", "DIKUArcade", "{CA58B2B9-9767-4E6C-98A2-1E99087BA72A}"
EndProject
Project("{FAE04EC0-301F-11D3-BF4B-00C04F79EFBC}") = "DIKUArcade", "DIKUArcade\DIKUArcade\DIKUArcade.csproj", "{32A835D7-3F56-4765-AA56-4B4784EDCA91}"
EndProject
Project("{FAE04EC0-301F-11D3-BF4B-00C04F79EFBC}") = "SpaceTaxi", "SpaceTaxi\SpaceTaxi.csproj", "{891B529E-6ADA-459C-A8F0-0BDF54CE813D}"
EndProject
Global
	GlobalSection(SolutionConfigurationPlatforms) = preSolution
		Debug|Any CPU = Debug|Any CPU
		Debug|x64 = Debug|x64
		Debug|x86 = Debug|x86
		Release|Any CPU = Release|Any CPU
		Release|x64 = Release|x64
		Release|x86 = Release|x86
	EndGlobalSection
	GlobalSection(SolutionProperties) = preSolution
		HideSolutionNode = FALSE
	EndGlobalSection
	GlobalSection(ProjectConfigurationPlatforms) = postSolution
		{32A835D7-3F56-4765-AA56-4B4784EDCA91}.Debug|Any CPU.ActiveCfg = Debug|Any CPU
		{32A835D7-3F56-4765-AA56-4B4784EDCA91}.Debug|Any CPU.Build.0 = Debug|Any CPU
		{32A835D7-3F56-4765-AA56-4B4784EDCA91}.Debug|x64.ActiveCfg = Debug|Any CPU
		{32A835D7-3F56-4765-AA56-4B4784EDCA91}.Debug|x64.Build.0 = Debug|Any CPU
		{32A835D7-3F56-4765-AA56-4B4784EDCA91}.Debug|x86.ActiveCfg = Debug|Any CPU
		{32A835D7-3F56-4765-AA56-4B4784EDCA91}.Debug|x86.Build.0 = Debug|Any CPU
		{32A835D7-3F56-4765-AA56-4B4784EDCA91}.Release|Any CPU.ActiveCfg = Release|Any CPU
		{32A835D7-3F56-4765-AA56-4B4784EDCA91}.Release|Any CPU.Build.0 = Release|Any CPU
		{32A835D7-3F56-4765-AA56-4B4784EDCA91}.Release|x64.ActiveCfg = Release|Any CPU
		{32A835D7-3F56-4765-AA56-4B4784EDCA91}.Release|x64.Build.0 = Release|Any CPU
		{32A835D7-3F56-4765-AA56-4B4784EDCA91}.Release|x86.ActiveCfg = Release|Any CPU
		{32A835D7-3F56-4765-AA56-4B4784EDCA91}.Release|x86.Build.0 = Release|Any CPU
		{891B529E-6ADA-459C-A8F0-0BDF54CE813D}.Debug|Any CPU.ActiveCfg = Debug|Any CPU
		{891B529E-6ADA-459C-A8F0-0BDF54CE813D}.Debug|Any CPU.Build.0 = Debug|Any CPU
		{891B529E-6ADA-459C-A8F0-0BDF54CE813D}.Debug|x64.ActiveCfg = Debug|Any CPU
		{891B529E-6ADA-459C-A8F0-0BDF54CE813D}.Debug|x64.Build.0 = Debug|Any CPU
		{891B529E-6ADA-459C-A8F0-0BDF54CE813D}.Debug|x86.ActiveCfg = Debug|Any CPU
		{891B529E-6ADA-459C-A8F0-0BDF54CE813D}.Debug|x86.Build.0 = Debug|Any CPU
		{891B529E-6ADA-459C-A8F0-0BDF54CE813D}.Release|Any CPU.ActiveCfg = Release|Any CPU
		{891B529E-6ADA-459C-A8F0-0BDF54CE813D}.Release|Any CPU.Build.0 = Release|Any CPU
		{891B529E-6ADA-459C-A8F0-0BDF54CE813D}.Release|x64.ActiveCfg = Release|Any CPU
		{891B529E-6ADA-459C-A8F0-0BDF54CE813D}.Release|x64.Build.0 = Release|Any CPU
		{891B529E-6ADA-459C-A8F0-0BDF54CE813D}.Release|x86.ActiveCfg = Release|Any CPU
		{891B529E-6ADA-459C-A8F0-0BDF54CE813D}.Release|x86.Build.0 = Release|Any CPU
	EndGlobalSection
	GlobalSection(NestedProjects) = preSolution
		{32A835D7-3F56-4765-AA56-4B4784EDCA91} = {CA58B2B9-9767-4E6C-98A2-1E99087BA72A}
	EndGlobalSection
EndGlobal
